
Microsoft Visual Studio Solution File, Format Version 12.00
# Visual Studio Version 17
VisualStudioVersion = 17.0.31903.59
MinimumVisualStudioVersion = 10.0.40219.1
Project("{2150E333-8FDC-42A3-9474-1A3956D46DE8}") = "src", "src", "{827E0CD3-B72D-47B6-A68D-7590B98EB39B}"
EndProject
Project("{FAE04EC0-301F-11D3-BF4B-00C04F79EFBC}") = "SaborMercado.Web", "src\SaborMercado.Web\SaborMercado.Web.csproj", "{AE5FB36E-50F7-4F32-A599-4A3A19F67A62}"
EndProject
Project("{FAE04EC0-301F-11D3-BF4B-00C04F79EFBC}") = "SaborMercado.Web.Tests", "tests\SaborMercado.Web.Tests\SaborMercado.Web.Tests.csproj", "{6FE2E24F-9159-4E62-8FA1-CAD8801E4D79}"
EndProject
Project("{FAE04EC0-301F-11D3-BF4B-00C04F79EFBC}") = "SaborMercado.Shared", "src\SaborMercado.Shared\SaborMercado.Shared.csproj", "{9BE9B4F3-E1AB-4DB1-BE40-7A9EF43DCC54}"
EndProject
Project("{FAE04EC0-301F-11D3-BF4B-00C04F79EFBC}") = "SaborMercado.Api", "src\SaborMercado.Api\SaborMercado.Api.csproj", "{FA09CB3F-C1C9-488B-93B8-633875542CCB}"
EndProject
Project("{FAE04EC0-301F-11D3-BF4B-00C04F79EFBC}") = "SaborMercado.Modules.Recognition", "src\SaborMercado.Modules.Recognition\SaborMercado.Modules.Recognition.csproj", "{ADB9934B-9275-4EE9-B0CE-57BE4BDCBAE5}"
EndProject
Project("{FAE04EC0-301F-11D3-BF4B-00C04F79EFBC}") = "SaborMercado.Api.Tests", "tests\SaborMercado.Api.Tests\SaborMercado.Api.Tests.csproj", "{EBDDC6C3-4310-4CF4-B163-852739AD7FF6}"
EndProject
Project("{FAE04EC0-301F-11D3-BF4B-00C04F79EFBC}") = "SaborMercado.Modules.Identity", "src\SaborMercado.Modules.Identity\SaborMercado.Modules.Identity.csproj", "{FB2ABC85-7B7A-4AA2-9B28-8207E264BBED}"
EndProject
Project("{FAE04EC0-301F-11D3-BF4B-00C04F79EFBC}") = "SaborMercado.Modules.SharedCatalog", "src\SaborMercado.Modules.SharedCatalog\SaborMercado.Modules.SharedCatalog.csproj", "{9678806F-4F7E-471B-BC24-8F375C96AA10}"
EndProject
Project("{FAE04EC0-301F-11D3-BF4B-00C04F79EFBC}") = "SaborMercado.Modules.Rewards", "src\SaborMercado.Modules.Rewards\SaborMercado.Modules.Rewards.csproj", "{3C063705-6C31-4C39-9FCF-D26846A42B21}"
EndProject
Project("{FAE04EC0-301F-11D3-BF4B-00C04F79EFBC}") = "SaborMercado.Infrastructure", "src\SaborMercado.Infrastructure\SaborMercado.Infrastructure.csproj", "{8C4A45C0-EC32-4943-92EC-B9FE75DEFDE2}"
EndProject
Project("{FAE04EC0-301F-11D3-BF4B-00C04F79EFBC}") = "SaborMercado.Modules.Support", "src\SaborMercado.Modules.Support\SaborMercado.Modules.Support.csproj", "{3E120F1E-D76A-4EA1-AACB-FFB7422F56E5}"
EndProject
Global
	GlobalSection(SolutionConfigurationPlatforms) = preSolution
		Debug|Any CPU = Debug|Any CPU
		Debug|x64 = Debug|x64
		Debug|x86 = Debug|x86
		Release|Any CPU = Release|Any CPU
		Release|x64 = Release|x64
		Release|x86 = Release|x86
	EndGlobalSection
	GlobalSection(ProjectConfigurationPlatforms) = postSolution
		{AE5FB36E-50F7-4F32-A599-4A3A19F67A62}.Debug|Any CPU.ActiveCfg = Debug|Any CPU
		{AE5FB36E-50F7-4F32-A599-4A3A19F67A62}.Debug|Any CPU.Build.0 = Debug|Any CPU
		{AE5FB36E-50F7-4F32-A599-4A3A19F67A62}.Debug|x64.ActiveCfg = Debug|Any CPU
		{AE5FB36E-50F7-4F32-A599-4A3A19F67A62}.Debug|x64.Build.0 = Debug|Any CPU
		{AE5FB36E-50F7-4F32-A599-4A3A19F67A62}.Debug|x86.ActiveCfg = Debug|Any CPU
		{AE5FB36E-50F7-4F32-A599-4A3A19F67A62}.Debug|x86.Build.0 = Debug|Any CPU
		{AE5FB36E-50F7-4F32-A599-4A3A19F67A62}.Release|Any CPU.ActiveCfg = Release|Any CPU
		{AE5FB36E-50F7-4F32-A599-4A3A19F67A62}.Release|Any CPU.Build.0 = Release|Any CPU
		{AE5FB36E-50F7-4F32-A599-4A3A19F67A62}.Release|x64.ActiveCfg = Release|Any CPU
		{AE5FB36E-50F7-4F32-A599-4A3A19F67A62}.Release|x64.Build.0 = Release|Any CPU
		{AE5FB36E-50F7-4F32-A599-4A3A19F67A62}.Release|x86.ActiveCfg = Release|Any CPU
		{AE5FB36E-50F7-4F32-A599-4A3A19F67A62}.Release|x86.Build.0 = Release|Any CPU
		{6FE2E24F-9159-4E62-8FA1-CAD8801E4D79}.Debug|Any CPU.ActiveCfg = Debug|Any CPU
		{6FE2E24F-9159-4E62-8FA1-CAD8801E4D79}.Debug|Any CPU.Build.0 = Debug|Any CPU
		{6FE2E24F-9159-4E62-8FA1-CAD8801E4D79}.Debug|x64.ActiveCfg = Debug|Any CPU
		{6FE2E24F-9159-4E62-8FA1-CAD8801E4D79}.Debug|x64.Build.0 = Debug|Any CPU
		{6FE2E24F-9159-4E62-8FA1-CAD8801E4D79}.Debug|x86.ActiveCfg = Debug|Any CPU
		{6FE2E24F-9159-4E62-8FA1-CAD8801E4D79}.Debug|x86.Build.0 = Debug|Any CPU
		{6FE2E24F-9159-4E62-8FA1-CAD8801E4D79}.Release|Any CPU.ActiveCfg = Release|Any CPU
		{6FE2E24F-9159-4E62-8FA1-CAD8801E4D79}.Release|Any CPU.Build.0 = Release|Any CPU
		{6FE2E24F-9159-4E62-8FA1-CAD8801E4D79}.Release|x64.ActiveCfg = Release|Any CPU
		{6FE2E24F-9159-4E62-8FA1-CAD8801E4D79}.Release|x64.Build.0 = Release|Any CPU
		{6FE2E24F-9159-4E62-8FA1-CAD8801E4D79}.Release|x86.ActiveCfg = Release|Any CPU
		{6FE2E24F-9159-4E62-8FA1-CAD8801E4D79}.Release|x86.Build.0 = Release|Any CPU
		{9BE9B4F3-E1AB-4DB1-BE40-7A9EF43DCC54}.Debug|Any CPU.ActiveCfg = Debug|Any CPU
		{9BE9B4F3-E1AB-4DB1-BE40-7A9EF43DCC54}.Debug|Any CPU.Build.0 = Debug|Any CPU
		{9BE9B4F3-E1AB-4DB1-BE40-7A9EF43DCC54}.Debug|x64.ActiveCfg = Debug|Any CPU
		{9BE9B4F3-E1AB-4DB1-BE40-7A9EF43DCC54}.Debug|x64.Build.0 = Debug|Any CPU
		{9BE9B4F3-E1AB-4DB1-BE40-7A9EF43DCC54}.Debug|x86.ActiveCfg = Debug|Any CPU
		{9BE9B4F3-E1AB-4DB1-BE40-7A9EF43DCC54}.Debug|x86.Build.0 = Debug|Any CPU
		{9BE9B4F3-E1AB-4DB1-BE40-7A9EF43DCC54}.Release|Any CPU.ActiveCfg = Release|Any CPU
		{9BE9B4F3-E1AB-4DB1-BE40-7A9EF43DCC54}.Release|Any CPU.Build.0 = Release|Any CPU
		{9BE9B4F3-E1AB-4DB1-BE40-7A9EF43DCC54}.Release|x64.ActiveCfg = Release|Any CPU
		{9BE9B4F3-E1AB-4DB1-BE40-7A9EF43DCC54}.Release|x64.Build.0 = Release|Any CPU
		{9BE9B4F3-E1AB-4DB1-BE40-7A9EF43DCC54}.Release|x86.ActiveCfg = Release|Any CPU
		{9BE9B4F3-E1AB-4DB1-BE40-7A9EF43DCC54}.Release|x86.Build.0 = Release|Any CPU
		{FA09CB3F-C1C9-488B-93B8-633875542CCB}.Debug|Any CPU.ActiveCfg = Debug|Any CPU
		{FA09CB3F-C1C9-488B-93B8-633875542CCB}.Debug|Any CPU.Build.0 = Debug|Any CPU
		{FA09CB3F-C1C9-488B-93B8-633875542CCB}.Debug|x64.ActiveCfg = Debug|Any CPU
		{FA09CB3F-C1C9-488B-93B8-633875542CCB}.Debug|x64.Build.0 = Debug|Any CPU
		{FA09CB3F-C1C9-488B-93B8-633875542CCB}.Debug|x86.ActiveCfg = Debug|Any CPU
		{FA09CB3F-C1C9-488B-93B8-633875542CCB}.Debug|x86.Build.0 = Debug|Any CPU
		{FA09CB3F-C1C9-488B-93B8-633875542CCB}.Release|Any CPU.ActiveCfg = Release|Any CPU
		{FA09CB3F-C1C9-488B-93B8-633875542CCB}.Release|Any CPU.Build.0 = Release|Any CPU
		{FA09CB3F-C1C9-488B-93B8-633875542CCB}.Release|x64.ActiveCfg = Release|Any CPU
		{FA09CB3F-C1C9-488B-93B8-633875542CCB}.Release|x64.Build.0 = Release|Any CPU
		{FA09CB3F-C1C9-488B-93B8-633875542CCB}.Release|x86.ActiveCfg = Release|Any CPU
		{FA09CB3F-C1C9-488B-93B8-633875542CCB}.Release|x86.Build.0 = Release|Any CPU
		{ADB9934B-9275-4EE9-B0CE-57BE4BDCBAE5}.Debug|Any CPU.ActiveCfg = Debug|Any CPU
		{ADB9934B-9275-4EE9-B0CE-57BE4BDCBAE5}.Debug|Any CPU.Build.0 = Debug|Any CPU
		{ADB9934B-9275-4EE9-B0CE-57BE4BDCBAE5}.Debug|x64.ActiveCfg = Debug|Any CPU
		{ADB9934B-9275-4EE9-B0CE-57BE4BDCBAE5}.Debug|x64.Build.0 = Debug|Any CPU
		{ADB9934B-9275-4EE9-B0CE-57BE4BDCBAE5}.Debug|x86.ActiveCfg = Debug|Any CPU
		{ADB9934B-9275-4EE9-B0CE-57BE4BDCBAE5}.Debug|x86.Build.0 = Debug|Any CPU
		{ADB9934B-9275-4EE9-B0CE-57BE4BDCBAE5}.Release|Any CPU.ActiveCfg = Release|Any CPU
		{ADB9934B-9275-4EE9-B0CE-57BE4BDCBAE5}.Release|Any CPU.Build.0 = Release|Any CPU
		{ADB9934B-9275-4EE9-B0CE-57BE4BDCBAE5}.Release|x64.ActiveCfg = Release|Any CPU
		{ADB9934B-9275-4EE9-B0CE-57BE4BDCBAE5}.Release|x64.Build.0 = Release|Any CPU
		{ADB9934B-9275-4EE9-B0CE-57BE4BDCBAE5}.Release|x86.ActiveCfg = Release|Any CPU
		{ADB9934B-9275-4EE9-B0CE-57BE4BDCBAE5}.Release|x86.Build.0 = Release|Any CPU
		{EBDDC6C3-4310-4CF4-B163-852739AD7FF6}.Debug|Any CPU.ActiveCfg = Debug|Any CPU
		{EBDDC6C3-4310-4CF4-B163-852739AD7FF6}.Debug|Any CPU.Build.0 = Debug|Any CPU
		{EBDDC6C3-4310-4CF4-B163-852739AD7FF6}.Debug|x64.ActiveCfg = Debug|Any CPU
		{EBDDC6C3-4310-4CF4-B163-852739AD7FF6}.Debug|x64.Build.0 = Debug|Any CPU
		{EBDDC6C3-4310-4CF4-B163-852739AD7FF6}.Debug|x86.ActiveCfg = Debug|Any CPU
		{EBDDC6C3-4310-4CF4-B163-852739AD7FF6}.Debug|x86.Build.0 = Debug|Any CPU
		{EBDDC6C3-4310-4CF4-B163-852739AD7FF6}.Release|Any CPU.ActiveCfg = Release|Any CPU
		{EBDDC6C3-4310-4CF4-B163-852739AD7FF6}.Release|Any CPU.Build.0 = Release|Any CPU
		{EBDDC6C3-4310-4CF4-B163-852739AD7FF6}.Release|x64.ActiveCfg = Release|Any CPU
		{EBDDC6C3-4310-4CF4-B163-852739AD7FF6}.Release|x64.Build.0 = Release|Any CPU
		{EBDDC6C3-4310-4CF4-B163-852739AD7FF6}.Release|x86.ActiveCfg = Release|Any CPU
		{EBDDC6C3-4310-4CF4-B163-852739AD7FF6}.Release|x86.Build.0 = Release|Any CPU
		{FB2ABC85-7B7A-4AA2-9B28-8207E264BBED}.Debug|Any CPU.ActiveCfg = Debug|Any CPU
		{FB2ABC85-7B7A-4AA2-9B28-8207E264BBED}.Debug|Any CPU.Build.0 = Debug|Any CPU
		{FB2ABC85-7B7A-4AA2-9B28-8207E264BBED}.Debug|x64.ActiveCfg = Debug|Any CPU
		{FB2ABC85-7B7A-4AA2-9B28-8207E264BBED}.Debug|x64.Build.0 = Debug|Any CPU
		{FB2ABC85-7B7A-4AA2-9B28-8207E264BBED}.Debug|x86.ActiveCfg = Debug|Any CPU
		{FB2ABC85-7B7A-4AA2-9B28-8207E264BBED}.Debug|x86.Build.0 = Debug|Any CPU
		{FB2ABC85-7B7A-4AA2-9B28-8207E264BBED}.Release|Any CPU.ActiveCfg = Release|Any CPU
		{FB2ABC85-7B7A-4AA2-9B28-8207E264BBED}.Release|Any CPU.Build.0 = Release|Any CPU
		{FB2ABC85-7B7A-4AA2-9B28-8207E264BBED}.Release|x64.ActiveCfg = Release|Any CPU
		{FB2ABC85-7B7A-4AA2-9B28-8207E264BBED}.Release|x64.Build.0 = Release|Any CPU
		{FB2ABC85-7B7A-4AA2-9B28-8207E264BBED}.Release|x86.ActiveCfg = Release|Any CPU
		{FB2ABC85-7B7A-4AA2-9B28-8207E264BBED}.Release|x86.Build.0 = Release|Any CPU
		{9678806F-4F7E-471B-BC24-8F375C96AA10}.Debug|Any CPU.ActiveCfg = Debug|Any CPU
		{9678806F-4F7E-471B-BC24-8F375C96AA10}.Debug|Any CPU.Build.0 = Debug|Any CPU
		{9678806F-4F7E-471B-BC24-8F375C96AA10}.Debug|x64.ActiveCfg = Debug|Any CPU
		{9678806F-4F7E-471B-BC24-8F375C96AA10}.Debug|x64.Build.0 = Debug|Any CPU
		{9678806F-4F7E-471B-BC24-8F375C96AA10}.Debug|x86.ActiveCfg = Debug|Any CPU
		{9678806F-4F7E-471B-BC24-8F375C96AA10}.Debug|x86.Build.0 = Debug|Any CPU
		{9678806F-4F7E-471B-BC24-8F375C96AA10}.Release|Any CPU.ActiveCfg = Release|Any CPU
		{9678806F-4F7E-471B-BC24-8F375C96AA10}.Release|Any CPU.Build.0 = Release|Any CPU
		{9678806F-4F7E-471B-BC24-8F375C96AA10}.Release|x64.ActiveCfg = Release|Any CPU
		{9678806F-4F7E-471B-BC24-8F375C96AA10}.Release|x64.Build.0 = Release|Any CPU
		{9678806F-4F7E-471B-BC24-8F375C96AA10}.Release|x86.ActiveCfg = Release|Any CPU
		{9678806F-4F7E-471B-BC24-8F375C96AA10}.Release|x86.Build.0 = Release|Any CPU
		{3C063705-6C31-4C39-9FCF-D26846A42B21}.Debug|Any CPU.ActiveCfg = Debug|Any CPU
		{3C063705-6C31-4C39-9FCF-D26846A42B21}.Debug|Any CPU.Build.0 = Debug|Any CPU
		{3C063705-6C31-4C39-9FCF-D26846A42B21}.Debug|x64.ActiveCfg = Debug|Any CPU
		{3C063705-6C31-4C39-9FCF-D26846A42B21}.Debug|x64.Build.0 = Debug|Any CPU
		{3C063705-6C31-4C39-9FCF-D26846A42B21}.Debug|x86.ActiveCfg = Debug|Any CPU
		{3C063705-6C31-4C39-9FCF-D26846A42B21}.Debug|x86.Build.0 = Debug|Any CPU
		{3C063705-6C31-4C39-9FCF-D26846A42B21}.Release|Any CPU.ActiveCfg = Release|Any CPU
		{3C063705-6C31-4C39-9FCF-D26846A42B21}.Release|Any CPU.Build.0 = Release|Any CPU
		{3C063705-6C31-4C39-9FCF-D26846A42B21}.Release|x64.ActiveCfg = Release|Any CPU
		{3C063705-6C31-4C39-9FCF-D26846A42B21}.Release|x64.Build.0 = Release|Any CPU
		{3C063705-6C31-4C39-9FCF-D26846A42B21}.Release|x86.ActiveCfg = Release|Any CPU
		{3C063705-6C31-4C39-9FCF-D26846A42B21}.Release|x86.Build.0 = Release|Any CPU
		{8C4A45C0-EC32-4943-92EC-B9FE75DEFDE2}.Debug|Any CPU.ActiveCfg = Debug|Any CPU
		{8C4A45C0-EC32-4943-92EC-B9FE75DEFDE2}.Debug|Any CPU.Build.0 = Debug|Any CPU
		{8C4A45C0-EC32-4943-92EC-B9FE75DEFDE2}.Debug|x64.ActiveCfg = Debug|Any CPU
		{8C4A45C0-EC32-4943-92EC-B9FE75DEFDE2}.Debug|x64.Build.0 = Debug|Any CPU
		{8C4A45C0-EC32-4943-92EC-B9FE75DEFDE2}.Debug|x86.ActiveCfg = Debug|Any CPU
		{8C4A45C0-EC32-4943-92EC-B9FE75DEFDE2}.Debug|x86.Build.0 = Debug|Any CPU
		{8C4A45C0-EC32-4943-92EC-B9FE75DEFDE2}.Release|Any CPU.ActiveCfg = Release|Any CPU
		{8C4A45C0-EC32-4943-92EC-B9FE75DEFDE2}.Release|Any CPU.Build.0 = Release|Any CPU
		{8C4A45C0-EC32-4943-92EC-B9FE75DEFDE2}.Release|x64.ActiveCfg = Release|Any CPU
		{8C4A45C0-EC32-4943-92EC-B9FE75DEFDE2}.Release|x64.Build.0 = Release|Any CPU
		{8C4A45C0-EC32-4943-92EC-B9FE75DEFDE2}.Release|x86.ActiveCfg = Release|Any CPU
		{8C4A45C0-EC32-4943-92EC-B9FE75DEFDE2}.Release|x86.Build.0 = Release|Any CPU
		{3E120F1E-D76A-4EA1-AACB-FFB7422F56E5}.Debug|Any CPU.ActiveCfg = Debug|Any CPU
		{3E120F1E-D76A-4EA1-AACB-FFB7422F56E5}.Debug|Any CPU.Build.0 = Debug|Any CPU
		{3E120F1E-D76A-4EA1-AACB-FFB7422F56E5}.Debug|x64.ActiveCfg = Debug|Any CPU
		{3E120F1E-D76A-4EA1-AACB-FFB7422F56E5}.Debug|x64.Build.0 = Debug|Any CPU
		{3E120F1E-D76A-4EA1-AACB-FFB7422F56E5}.Debug|x86.ActiveCfg = Debug|Any CPU
		{3E120F1E-D76A-4EA1-AACB-FFB7422F56E5}.Debug|x86.Build.0 = Debug|Any CPU
		{3E120F1E-D76A-4EA1-AACB-FFB7422F56E5}.Release|Any CPU.ActiveCfg = Release|Any CPU
		{3E120F1E-D76A-4EA1-AACB-FFB7422F56E5}.Release|Any CPU.Build.0 = Release|Any CPU
		{3E120F1E-D76A-4EA1-AACB-FFB7422F56E5}.Release|x64.ActiveCfg = Release|Any CPU
		{3E120F1E-D76A-4EA1-AACB-FFB7422F56E5}.Release|x64.Build.0 = Release|Any CPU
		{3E120F1E-D76A-4EA1-AACB-FFB7422F56E5}.Release|x86.ActiveCfg = Release|Any CPU
		{3E120F1E-D76A-4EA1-AACB-FFB7422F56E5}.Release|x86.Build.0 = Release|Any CPU
	EndGlobalSection
	GlobalSection(SolutionProperties) = preSolution
		HideSolutionNode = FALSE
	EndGlobalSection
	GlobalSection(NestedProjects) = preSolution
		{AE5FB36E-50F7-4F32-A599-4A3A19F67A62} = {827E0CD3-B72D-47B6-A68D-7590B98EB39B}
		{6FE2E24F-9159-4E62-8FA1-CAD8801E4D79} = {827E0CD3-B72D-47B6-A68D-7590B98EB39B}
		{9BE9B4F3-E1AB-4DB1-BE40-7A9EF43DCC54} = {827E0CD3-B72D-47B6-A68D-7590B98EB39B}
		{FA09CB3F-C1C9-488B-93B8-633875542CCB} = {827E0CD3-B72D-47B6-A68D-7590B98EB39B}
		{ADB9934B-9275-4EE9-B0CE-57BE4BDCBAE5} = {827E0CD3-B72D-47B6-A68D-7590B98EB39B}
		{EBDDC6C3-4310-4CF4-B163-852739AD7FF6} = {827E0CD3-B72D-47B6-A68D-7590B98EB39B}
		{FB2ABC85-7B7A-4AA2-9B28-8207E264BBED} = {827E0CD3-B72D-47B6-A68D-7590B98EB39B}
		{9678806F-4F7E-471B-BC24-8F375C96AA10} = {827E0CD3-B72D-47B6-A68D-7590B98EB39B}
		{3C063705-6C31-4C39-9FCF-D26846A42B21} = {827E0CD3-B72D-47B6-A68D-7590B98EB39B}
		{8C4A45C0-EC32-4943-92EC-B9FE75DEFDE2} = {827E0CD3-B72D-47B6-A68D-7590B98EB39B}
		{3E120F1E-D76A-4EA1-AACB-FFB7422F56E5} = {827E0CD3-B72D-47B6-A68D-7590B98EB39B}
	EndGlobalSection
EndGlobal
